<?xml version="1.0" encoding="utf-8"?>
<Project ToolsVersion="4.0" xmlns="http://schemas.microsoft.com/developer/msbuild/2003">
  <ItemGroup>
    <Filter Include="Players">
      <UniqueIdentifier>{B1C2D3E4-1111-4A2B-9C8D-000000000001}</UniqueIdentifier>
    </Filter>
    <Filter Include="lib">
      <UniqueIdentifier>{B1C2D3E4-2222-4A2B-9C8D-000000000002}</UniqueIdentifier>
    </Filter>
    <Filter Include="custom">
      <UniqueIdentifier>{B1C2D3E4-3333-4A2B-9C8D-000000000003}</UniqueIdentifier>
    </Filter>
    <Filter Include="ssd">
      <UniqueIdentifier>{B1C2D3E4-4444-4A2B-9C8D-000000000004}</UniqueIdentifier>
    </Filter>
    <Filter Include="protracker">
      <UniqueIdentifier>{B1C2D3E4-5555-4A2B-9C8D-000000000005}</UniqueIdentifier>
    </Filter>
    <Filter Include="Build">
      <UniqueIdentifier>{B1C2D3E4-6666-4A2B-9C8D-000000000006}</UniqueIdentifier>
    </Filter>
  </ItemGroup>
  <ItemGroup>
    <None Include="aSIDifier.s"><Filter>Players</Filter></None>
    <None Include="aZIDifier.s"><Filter>Players</Filter></None>
    <None Include="blipblop.s"><Filter>Players</Filter></None>
    <None Include="blipp079.s"><Filter>Players</Filter></None>
    <None Include="bs22.s"><Filter>Players</Filter></None>
    <None Include="chipmon2.s"><Filter>Players</Filter></None>
    <None Include="cosotfmx.s"><Filter>Players</Filter></None>
    <None Include="crapman1.s"><Filter>Players</Filter></None>
    <None Include="crapman2.s"><Filter>Players</Filter></None>
    <None Include="delicoso.s"><Filter>Players</Filter></None>
    <None Include="deltamusic1.s"><Filter>Players</Filter></None>
    <None Include="deltamusic2.s"><Filter>Players</Filter></None>
    <None Include="digitfmx.s"><Filter>Players</Filter></None>
    <None Include="fc13_14.s"><Filter>Players</Filter></None>
    <None Include="fred.s"><Filter>Players</Filter></None>
    <None Include="hpn-jam.s"><Filter>Players</Filter></None>
    <None Include="jamcracker10.s"><Filter>Players</Filter></None>
    <None Include="lastninja3.s"><Filter>Players</Filter></None>
    <None Include="lx_mmme.s"><Filter>Players</Filter></None>
    <None Include="mcoder.s"><Filter>Players</Filter></None>
    <None Include="megatizer.s"><Filter>Players</Filter></None>
    <None Include="midi.s"><Filter>Players</Filter></None>
    <None Include="mmme.s"><Filter>Players</Filter></None>
    <None Include="mmmesid.s"><Filter>Players</Filter></None>
    <None Include="musmon1.s"><Filter>Players</Filter></None>
    <None Include="musmon2.s"><Filter>Players</Filter></None>
    <None Include="ninjatfmx.s"><Filter>Players</Filter></None>
    <None Include="note.s"><Filter>Players</Filter></None>
    <None Include="note2.s"><Filter>Players</Filter></None>
    <None Include="psg1.s"><Filter>Players</Filter></None>
    <None Include="puma2.s"><Filter>Players</Filter></None>
    <None Include="puma99.s"><Filter>Players</Filter></None>
    <None Include="quartet.s"><Filter>Players</Filter></None>
    <None Include="quartet_mindbomb.s"><Filter>Players</Filter></None>
    <None Include="sh11-alter_m.s"><Filter>Players</Filter></None>
    <None Include="sh11-unknown.s"><Filter>Players</Filter></None>
    <None Include="sidmon1.s"><Filter>Players</Filter></None>
    <None Include="sidmon2.s"><Filter>Players</Filter></None>
    <None Include="sidsound.s"><Filter>Players</Filter></None>
    <None Include="sndh_ice.s"><Filter>Players</Filter></None>
    <None Include="soundfx.s"><Filter>Players</Filter></None>
    <None Include="tao_digi.s"><Filter>Players</Filter></None>
    <None Include="tao_hubbard.s"><Filter>Players</Filter></None>
    <None Include="tao_ms211.s"><Filter>Players</Filter></None>
    <None Include="tao_ms25.s"><Filter>Players</Filter></None>
    <None Include="tao_ms27.s"><Filter>Players</Filter></None>
    <None Include="tao_tsd.s"><Filter>Players</Filter></None>
    <None Include="tcbtracker.s"><Filter>Players</Filter></None>
    <None Include="tfmx.s"><Filter>Players</Filter></None>
    <None Include="tfmx_old.s"><Filter>Players</Filter></None>
    <None Include="tfmx_st.s"><Filter>Players</Filter></None>
    <None Include="timerc.s"><Filter>Players</Filter></None>
    <None Include="tsd-jam.s"><Filter>Players</Filter></None>
    <None Include="tsd1.s"><Filter>Players</Filter></None>
    <None Include="tur2tfmx.s"><Filter>Players</Filter></None>
    <None Include="wodtfmx.s"><Filter>Players</Filter></None>
    <None Include="lib\org.s"><Filter>lib</Filter></None>
    <None Include="lib\reloc.s"><Filter>lib</Filter></None>
    <None Include="lib\TosReloc.s"><Filter>lib</Filter></None>
    <None Include="lib\YMSTwrapper.s"><Filter>lib</Filter></None>
    <None Include="custom\halfbuzz.s"><Filter>custom</Filter></None>
    <None Include="custom\wrapper.s"><Filter>custom</Filter></None>
    <None Include="ssd\ssd.s"><Filter>ssd</Filter></None>
    <None Include="ssd\ssd1-sc68.s"><Filter>ssd</Filter></None>
    <None Include="protracker\mod2sc68.s"><Filter>protracker</Filter></None>
    <None Include="protracker\pt110bfix.s"><Filter>protracker</Filter></None>
    <None Include="Makefile"><Filter>Build</Filter></None>
    <None Include="org\README"><Filter>Build</Filter></None>
    <None Include="ssd\README"><Filter>Build</Filter></None>
    <None Include="ssd\Makefile"><Filter>Build</Filter></None>
    <None Include="protracker\Makefile"><Filter>Build</Filter></None>
  </ItemGroup>
</Project>
